// !$*UTF8*$!
{
	archiveVersion = 1;
	classes = {
	};
	objectVersion = 46;
	objects = {

/* Begin PBXBuildFile section */
		5007DE091BFF34A300987901 /* DMBDummyData.swift in Sources */ = {isa = PBXBuildFile; fileRef = 5007DE081BFF34A300987901 /* DMBDummyData.swift */; };
		5016DDE61BF1F5BE0041414B /* DetailsTableViewController.swift in Sources */ = {isa = PBXBuildFile; fileRef = 5016DDE51BF1F5BE0041414B /* DetailsTableViewController.swift */; };
		502343BB1BFCDEC0008794D4 /* DMBModel.swift in Sources */ = {isa = PBXBuildFile; fileRef = 502343BA1BFCDEC0008794D4 /* DMBModel.swift */; };
		502343C11BFCE1E7008794D4 /* DMBArchitecture.png in Resources */ = {isa = PBXBuildFile; fileRef = 502343C01BFCE1E7008794D4 /* DMBArchitecture.png */; };
		502343C31BFCE1EE008794D4 /* DMBDataConcept_0.3.pdf in Resources */ = {isa = PBXBuildFile; fileRef = 502343C21BFCE1EE008794D4 /* DMBDataConcept_0.3.pdf */; };
		502343E51BFCE892008794D4 /* DMBFilter.swift in Sources */ = {isa = PBXBuildFile; fileRef = 502343E41BFCE892008794D4 /* DMBFilter.swift */; };
		502343E71BFDADC1008794D4 /* DMBMonument.swift in Sources */ = {isa = PBXBuildFile; fileRef = 502343E61BFDADC1008794D4 /* DMBMonument.swift */; };
		502343E91BFDADE4008794D4 /* DMBEntity.swift in Sources */ = {isa = PBXBuildFile; fileRef = 502343E81BFDADE4008794D4 /* DMBEntity.swift */; };
		502343EB1BFDB563008794D4 /* DMBRoute.swift in Sources */ = {isa = PBXBuildFile; fileRef = 502343EA1BFDB563008794D4 /* DMBRoute.swift */; };
		502343ED1BFDC6C8008794D4 /* DMBParticipant.swift in Sources */ = {isa = PBXBuildFile; fileRef = 502343EC1BFDC6C8008794D4 /* DMBParticipant.swift */; };
		502343EF1BFDC857008794D4 /* DMBTimePeriod.swift in Sources */ = {isa = PBXBuildFile; fileRef = 502343EE1BFDC857008794D4 /* DMBTimePeriod.swift */; };
		502343F11BFDCCF5008794D4 /* DMBLocation.swift in Sources */ = {isa = PBXBuildFile; fileRef = 502343F01BFDCCF5008794D4 /* DMBLocation.swift */; };
		502343F31BFDD1D1008794D4 /* DMBEpoche.swift in Sources */ = {isa = PBXBuildFile; fileRef = 502343F21BFDD1D1008794D4 /* DMBEpoche.swift */; };
		502343F51BFDD8B3008794D4 /* DMBDistrict.swift in Sources */ = {isa = PBXBuildFile; fileRef = 502343F41BFDD8B3008794D4 /* DMBDistrict.swift */; };
		5026559D1C19782500B35679 /* DMBSQLiteFullTextSearch.sql in Resources */ = {isa = PBXBuildFile; fileRef = 5026559C1C19782500B35679 /* DMBSQLiteFullTextSearch.sql */; };
		5034FF1B1BE90B6C00A3C77F /* ArchitektTableViewCell.swift in Sources */ = {isa = PBXBuildFile; fileRef = 5034FF151BE90B6C00A3C77F /* ArchitektTableViewCell.swift */; };
		5034FF1C1BE90B6C00A3C77F /* ArchtektTableViewController.swift in Sources */ = {isa = PBXBuildFile; fileRef = 5034FF161BE90B6C00A3C77F /* ArchtektTableViewController.swift */; };
		5034FF1D1BE90B6C00A3C77F /* DenkmalMapAnnotation.swift in Sources */ = {isa = PBXBuildFile; fileRef = 5034FF171BE90B6C00A3C77F /* DenkmalMapAnnotation.swift */; };
		5034FF1E1BE90B6C00A3C77F /* FilterViewController.swift in Sources */ = {isa = PBXBuildFile; fileRef = 5034FF181BE90B6C00A3C77F /* FilterViewController.swift */; };
		5034FF1F1BE90B6C00A3C77F /* MapViewController.swift in Sources */ = {isa = PBXBuildFile; fileRef = 5034FF191BE90B6C00A3C77F /* MapViewController.swift */; };
		5034FF201BE90B6C00A3C77F /* ZeitraumTableViewController.swift in Sources */ = {isa = PBXBuildFile; fileRef = 5034FF1A1BE90B6C00A3C77F /* ZeitraumTableViewController.swift */; };
		5034FF221BE90BAB00A3C77F /* Main.storyboard in Resources */ = {isa = PBXBuildFile; fileRef = 5034FF211BE90BAB00A3C77F /* Main.storyboard */; };
		506B82621BFFCDC2001B971A /* DMBType.swift in Sources */ = {isa = PBXBuildFile; fileRef = 506B82611BFFCDC2001B971A /* DMBType.swift */; };
		50A28ED21BCAB65000647D6B /* AppDelegate.swift in Sources */ = {isa = PBXBuildFile; fileRef = 50A28ED11BCAB65000647D6B /* AppDelegate.swift */; };
		50A28EDA1BCAB65000647D6B /* Denkma_lerBerlin.xcdatamodeld in Sources */ = {isa = PBXBuildFile; fileRef = 50A28ED81BCAB65000647D6B /* Denkma_lerBerlin.xcdatamodeld */; };
		50A28EDC1BCAB65000647D6B /* Assets.xcassets in Resources */ = {isa = PBXBuildFile; fileRef = 50A28EDB1BCAB65000647D6B /* Assets.xcassets */; };
		50A28EDF1BCAB65000647D6B /* LaunchScreen.storyboard in Resources */ = {isa = PBXBuildFile; fileRef = 50A28EDD1BCAB65000647D6B /* LaunchScreen.storyboard */; };
		50A28EEA1BCAB65000647D6B /* Denkma_lerBerlinTests.swift in Sources */ = {isa = PBXBuildFile; fileRef = 50A28EE91BCAB65000647D6B /* Denkma_lerBerlinTests.swift */; };
		50A28EF51BCAB65000647D6B /* Denkma_lerBerlinUITests.swift in Sources */ = {isa = PBXBuildFile; fileRef = 50A28EF41BCAB65000647D6B /* Denkma_lerBerlinUITests.swift */; };
		50B3B66C1C0060600042B3F7 /* DMBNotion.swift in Sources */ = {isa = PBXBuildFile; fileRef = 50B3B66B1C0060600042B3F7 /* DMBNotion.swift */; };
		50B3B6761C00618E0042B3F7 /* DMBNotionsRelation.swift in Sources */ = {isa = PBXBuildFile; fileRef = 50B3B6751C00618E0042B3F7 /* DMBNotionsRelation.swift */; };
		50B3B6781C0063CB0042B3F7 /* DMBModelEXAMPLES.swift in Sources */ = {isa = PBXBuildFile; fileRef = 50B3B6771C0063CB0042B3F7 /* DMBModelEXAMPLES.swift */; };
		50B3B67A1C0068840042B3F7 /* DMBGlobals.swift in Sources */ = {isa = PBXBuildFile; fileRef = 50B3B6791C0068840042B3F7 /* DMBGlobals.swift */; };
		50CC2D5B1C15B7B200652D35 /* DMBPostgresDatabase_0.5.sql in Resources */ = {isa = PBXBuildFile; fileRef = 50CC2D5A1C15B7B200652D35 /* DMBPostgresDatabase_0.5.sql */; };
		50CC2D5F1C15BF3B00652D35 /* DMBLocationRelation.swift in Sources */ = {isa = PBXBuildFile; fileRef = 50CC2D5E1C15BF3B00652D35 /* DMBLocationRelation.swift */; };
		50CC2D611C15FD9300652D35 /* DMBsqlite_v6.db in Resources */ = {isa = PBXBuildFile; fileRef = 50CC2D601C15FD9300652D35 /* DMBsqlite_v6.db */; };
		50CC2D631C16D33800652D35 /* DMBConverter.swift in Sources */ = {isa = PBXBuildFile; fileRef = 50CC2D621C16D33700652D35 /* DMBConverter.swift */; };
		50DBD35F1C1C829B0010F68E /* Array+groupBy.swift in Sources */ = {isa = PBXBuildFile; fileRef = 50DBD35E1C1C829B0010F68E /* Array+groupBy.swift */; };
		50E453A91C03E8C10004CF71 /* SQLite.framework in Frameworks */ = {isa = PBXBuildFile; fileRef = 50E4539A1C03E8AD0004CF71 /* SQLite.framework */; };
		50F2E08B1C007FD700CE633B /* DMBSubDistrict.swift in Sources */ = {isa = PBXBuildFile; fileRef = 50F2E08A1C007FD700CE633B /* DMBSubDistrict.swift */; };
		50F2E0951C0080CA00CE633B /* DMBDistrictRelation.swift in Sources */ = {isa = PBXBuildFile; fileRef = 50F2E0941C0080CA00CE633B /* DMBDistrictRelation.swift */; };
		50F2E0971C0083CE00CE633B /* DMBSubDistrictRelation.swift in Sources */ = {isa = PBXBuildFile; fileRef = 50F2E0961C0083CE00CE633B /* DMBSubDistrictRelation.swift */; };
/* End PBXBuildFile section */

/* Begin PBXContainerItemProxy section */
		501AD0391C030A5D00195AED /* PBXContainerItemProxy */ = {
			isa = PBXContainerItemProxy;
			containerPortal = 502343C41BFCE3AB008794D4 /* SQLite.xcodeproj */;
			proxyType = 2;
			remoteGlobalIDString = DC2B29E21B26F718001C60EA;
			remoteInfo = "SQLite iOS";
		};
		501AD03B1C030A5D00195AED /* PBXContainerItemProxy */ = {
			isa = PBXContainerItemProxy;
			containerPortal = 502343C41BFCE3AB008794D4 /* SQLite.xcodeproj */;
			proxyType = 2;
			remoteGlobalIDString = DC2B29EC1B26F718001C60EA;
			remoteInfo = "SQLite iOS Tests";
		};
		501AD03D1C030A5D00195AED /* PBXContainerItemProxy */ = {
			isa = PBXContainerItemProxy;
			containerPortal = 502343C41BFCE3AB008794D4 /* SQLite.xcodeproj */;
			proxyType = 2;
			remoteGlobalIDString = DC7253AC1B52ADEB009B38B1;
			remoteInfo = "SQLite Mac";
		};
		501AD03F1C030A5D00195AED /* PBXContainerItemProxy */ = {
			isa = PBXContainerItemProxy;
			containerPortal = 502343C41BFCE3AB008794D4 /* SQLite.xcodeproj */;
			proxyType = 2;
			remoteGlobalIDString = DC7253B51B52ADEC009B38B1;
			remoteInfo = "SQLite Mac Tests";
		};
		501AD0411C030A5D00195AED /* PBXContainerItemProxy */ = {
			isa = PBXContainerItemProxy;
			containerPortal = 502343C41BFCE3AB008794D4 /* SQLite.xcodeproj */;
			proxyType = 2;
			remoteGlobalIDString = DCE7BB7A1B7434F90040D364;
			remoteInfo = "SQLiteCipher iOS";
		};
		501AD0431C030A5D00195AED /* PBXContainerItemProxy */ = {
			isa = PBXContainerItemProxy;
			containerPortal = 502343C41BFCE3AB008794D4 /* SQLite.xcodeproj */;
			proxyType = 2;
			remoteGlobalIDString = DCE7BB831B7434F90040D364;
			remoteInfo = "SQLiteCipher iOS Tests";
		};
		501AD0451C030A5D00195AED /* PBXContainerItemProxy */ = {
			isa = PBXContainerItemProxy;
			containerPortal = 502343C41BFCE3AB008794D4 /* SQLite.xcodeproj */;
			proxyType = 2;
			remoteGlobalIDString = DCE7BBB01B7438610040D364;
			remoteInfo = "SQLiteCipher Mac";
		};
		501AD0471C030A5D00195AED /* PBXContainerItemProxy */ = {
			isa = PBXContainerItemProxy;
			containerPortal = 502343C41BFCE3AB008794D4 /* SQLite.xcodeproj */;
			proxyType = 2;
			remoteGlobalIDString = DCE7BBB91B7438620040D364;
			remoteInfo = "SQLiteCipher Mac Tests";
		};
		50A28EE61BCAB65000647D6B /* PBXContainerItemProxy */ = {
			isa = PBXContainerItemProxy;
			containerPortal = 50A28EC61BCAB64F00647D6B /* Project object */;
			proxyType = 1;
			remoteGlobalIDString = 50A28ECD1BCAB64F00647D6B;
			remoteInfo = "DenkmälerBerlin";
		};
		50A28EF11BCAB65000647D6B /* PBXContainerItemProxy */ = {
			isa = PBXContainerItemProxy;
			containerPortal = 50A28EC61BCAB64F00647D6B /* Project object */;
			proxyType = 1;
			remoteGlobalIDString = 50A28ECD1BCAB64F00647D6B;
			remoteInfo = "DenkmälerBerlin";
		};
		50E453991C03E8AD0004CF71 /* PBXContainerItemProxy */ = {
			isa = PBXContainerItemProxy;
			containerPortal = 50E4538E1C03E8AD0004CF71 /* SQLite.xcodeproj */;
			proxyType = 2;
			remoteGlobalIDString = DC2B29E21B26F718001C60EA;
			remoteInfo = "SQLite iOS";
		};
		50E4539B1C03E8AD0004CF71 /* PBXContainerItemProxy */ = {
			isa = PBXContainerItemProxy;
			containerPortal = 50E4538E1C03E8AD0004CF71 /* SQLite.xcodeproj */;
			proxyType = 2;
			remoteGlobalIDString = DC2B29EC1B26F718001C60EA;
			remoteInfo = "SQLite iOS Tests";
		};
		50E4539D1C03E8AD0004CF71 /* PBXContainerItemProxy */ = {
			isa = PBXContainerItemProxy;
			containerPortal = 50E4538E1C03E8AD0004CF71 /* SQLite.xcodeproj */;
			proxyType = 2;
			remoteGlobalIDString = DC7253AC1B52ADEB009B38B1;
			remoteInfo = "SQLite Mac";
		};
		50E4539F1C03E8AD0004CF71 /* PBXContainerItemProxy */ = {
			isa = PBXContainerItemProxy;
			containerPortal = 50E4538E1C03E8AD0004CF71 /* SQLite.xcodeproj */;
			proxyType = 2;
			remoteGlobalIDString = DC7253B51B52ADEC009B38B1;
			remoteInfo = "SQLite Mac Tests";
		};
		50E453A11C03E8AD0004CF71 /* PBXContainerItemProxy */ = {
			isa = PBXContainerItemProxy;
			containerPortal = 50E4538E1C03E8AD0004CF71 /* SQLite.xcodeproj */;
			proxyType = 2;
			remoteGlobalIDString = DCE7BB7A1B7434F90040D364;
			remoteInfo = "SQLiteCipher iOS";
		};
		50E453A31C03E8AD0004CF71 /* PBXContainerItemProxy */ = {
			isa = PBXContainerItemProxy;
			containerPortal = 50E4538E1C03E8AD0004CF71 /* SQLite.xcodeproj */;
			proxyType = 2;
			remoteGlobalIDString = DCE7BB831B7434F90040D364;
			remoteInfo = "SQLiteCipher iOS Tests";
		};
		50E453A51C03E8AD0004CF71 /* PBXContainerItemProxy */ = {
			isa = PBXContainerItemProxy;
			containerPortal = 50E4538E1C03E8AD0004CF71 /* SQLite.xcodeproj */;
			proxyType = 2;
			remoteGlobalIDString = DCE7BBB01B7438610040D364;
			remoteInfo = "SQLiteCipher Mac";
		};
		50E453A71C03E8AD0004CF71 /* PBXContainerItemProxy */ = {
			isa = PBXContainerItemProxy;
			containerPortal = 50E4538E1C03E8AD0004CF71 /* SQLite.xcodeproj */;
			proxyType = 2;
			remoteGlobalIDString = DCE7BBB91B7438620040D364;
			remoteInfo = "SQLiteCipher Mac Tests";
		};
/* End PBXContainerItemProxy section */

/* Begin PBXFileReference section */
		5007DE081BFF34A300987901 /* DMBDummyData.swift */ = {isa = PBXFileReference; fileEncoding = 4; lastKnownFileType = sourcecode.swift; name = DMBDummyData.swift; path = Model/DMBDummyData.swift; sourceTree = "<group>"; };
		5016DDE51BF1F5BE0041414B /* DetailsTableViewController.swift */ = {isa = PBXFileReference; fileEncoding = 4; lastKnownFileType = sourcecode.swift; path = DetailsTableViewController.swift; sourceTree = "<group>"; };
		502343BA1BFCDEC0008794D4 /* DMBModel.swift */ = {isa = PBXFileReference; fileEncoding = 4; lastKnownFileType = sourcecode.swift; name = DMBModel.swift; path = Model/DMBModel.swift; sourceTree = "<group>"; };
		502343C01BFCE1E7008794D4 /* DMBArchitecture.png */ = {isa = PBXFileReference; lastKnownFileType = image.png; name = DMBArchitecture.png; path = supporting_files/DMBArchitecture.png; sourceTree = "<group>"; };
		502343C21BFCE1EE008794D4 /* DMBDataConcept_0.3.pdf */ = {isa = PBXFileReference; lastKnownFileType = image.pdf; name = DMBDataConcept_0.3.pdf; path = supporting_files/DMBDataConcept_0.3.pdf; sourceTree = "<group>"; };
		502343C41BFCE3AB008794D4 /* SQLite.xcodeproj */ = {isa = PBXFileReference; lastKnownFileType = "wrapper.pb-project"; name = SQLite.xcodeproj; path = ../SQLite.swift/SQLite.xcodeproj; sourceTree = "<group>"; };
		502343E41BFCE892008794D4 /* DMBFilter.swift */ = {isa = PBXFileReference; fileEncoding = 4; lastKnownFileType = sourcecode.swift; name = DMBFilter.swift; path = Model/DMBFilter.swift; sourceTree = "<group>"; };
		502343E61BFDADC1008794D4 /* DMBMonument.swift */ = {isa = PBXFileReference; fileEncoding = 4; lastKnownFileType = sourcecode.swift; name = DMBMonument.swift; path = Model/DMBMonument.swift; sourceTree = "<group>"; };
		502343E81BFDADE4008794D4 /* DMBEntity.swift */ = {isa = PBXFileReference; fileEncoding = 4; lastKnownFileType = sourcecode.swift; name = DMBEntity.swift; path = Model/DMBEntity.swift; sourceTree = "<group>"; };
		502343EA1BFDB563008794D4 /* DMBRoute.swift */ = {isa = PBXFileReference; fileEncoding = 4; lastKnownFileType = sourcecode.swift; name = DMBRoute.swift; path = Model/DMBRoute.swift; sourceTree = "<group>"; };
		502343EC1BFDC6C8008794D4 /* DMBParticipant.swift */ = {isa = PBXFileReference; fileEncoding = 4; lastKnownFileType = sourcecode.swift; name = DMBParticipant.swift; path = Model/DMBParticipant.swift; sourceTree = "<group>"; };
		502343EE1BFDC857008794D4 /* DMBTimePeriod.swift */ = {isa = PBXFileReference; fileEncoding = 4; lastKnownFileType = sourcecode.swift; name = DMBTimePeriod.swift; path = Model/DMBTimePeriod.swift; sourceTree = "<group>"; };
		502343F01BFDCCF5008794D4 /* DMBLocation.swift */ = {isa = PBXFileReference; fileEncoding = 4; lastKnownFileType = sourcecode.swift; name = DMBLocation.swift; path = Model/DMBLocation.swift; sourceTree = "<group>"; };
		502343F21BFDD1D1008794D4 /* DMBEpoche.swift */ = {isa = PBXFileReference; fileEncoding = 4; lastKnownFileType = sourcecode.swift; name = DMBEpoche.swift; path = Model/DMBEpoche.swift; sourceTree = "<group>"; };
		502343F41BFDD8B3008794D4 /* DMBDistrict.swift */ = {isa = PBXFileReference; fileEncoding = 4; lastKnownFileType = sourcecode.swift; name = DMBDistrict.swift; path = Model/DMBDistrict.swift; sourceTree = "<group>"; };
		5026559C1C19782500B35679 /* DMBSQLiteFullTextSearch.sql */ = {isa = PBXFileReference; fileEncoding = 4; lastKnownFileType = text; name = DMBSQLiteFullTextSearch.sql; path = Model/DMBSQLiteFullTextSearch.sql; sourceTree = "<group>"; };
		5034FF151BE90B6C00A3C77F /* ArchitektTableViewCell.swift */ = {isa = PBXFileReference; fileEncoding = 4; lastKnownFileType = sourcecode.swift; path = ArchitektTableViewCell.swift; sourceTree = "<group>"; };
		5034FF161BE90B6C00A3C77F /* ArchtektTableViewController.swift */ = {isa = PBXFileReference; fileEncoding = 4; lastKnownFileType = sourcecode.swift; path = ArchtektTableViewController.swift; sourceTree = "<group>"; };
		5034FF171BE90B6C00A3C77F /* DenkmalMapAnnotation.swift */ = {isa = PBXFileReference; fileEncoding = 4; lastKnownFileType = sourcecode.swift; path = DenkmalMapAnnotation.swift; sourceTree = "<group>"; };
		5034FF181BE90B6C00A3C77F /* FilterViewController.swift */ = {isa = PBXFileReference; fileEncoding = 4; lastKnownFileType = sourcecode.swift; path = FilterViewController.swift; sourceTree = "<group>"; };
		5034FF191BE90B6C00A3C77F /* MapViewController.swift */ = {isa = PBXFileReference; fileEncoding = 4; lastKnownFileType = sourcecode.swift; path = MapViewController.swift; sourceTree = "<group>"; };
		5034FF1A1BE90B6C00A3C77F /* ZeitraumTableViewController.swift */ = {isa = PBXFileReference; fileEncoding = 4; lastKnownFileType = sourcecode.swift; path = ZeitraumTableViewController.swift; sourceTree = "<group>"; };
		5034FF211BE90BAB00A3C77F /* Main.storyboard */ = {isa = PBXFileReference; fileEncoding = 4; lastKnownFileType = file.storyboard; name = Main.storyboard; path = ../Main.storyboard; sourceTree = "<group>"; };
		506B82611BFFCDC2001B971A /* DMBType.swift */ = {isa = PBXFileReference; fileEncoding = 4; lastKnownFileType = sourcecode.swift; name = DMBType.swift; path = Model/DMBType.swift; sourceTree = "<group>"; };
		50A28ECE1BCAB65000647D6B /* DenkmälerBerlin.app */ = {isa = PBXFileReference; explicitFileType = wrapper.application; includeInIndex = 0; path = "DenkmälerBerlin.app"; sourceTree = BUILT_PRODUCTS_DIR; };
		50A28ED11BCAB65000647D6B /* AppDelegate.swift */ = {isa = PBXFileReference; lastKnownFileType = sourcecode.swift; path = AppDelegate.swift; sourceTree = "<group>"; };
		50A28ED91BCAB65000647D6B /* Denkma_lerBerlin.xcdatamodel */ = {isa = PBXFileReference; lastKnownFileType = wrapper.xcdatamodel; path = Denkma_lerBerlin.xcdatamodel; sourceTree = "<group>"; };
		50A28EDB1BCAB65000647D6B /* Assets.xcassets */ = {isa = PBXFileReference; lastKnownFileType = folder.assetcatalog; path = Assets.xcassets; sourceTree = "<group>"; };
		50A28EDE1BCAB65000647D6B /* Base */ = {isa = PBXFileReference; lastKnownFileType = file.storyboard; name = Base; path = Base.lproj/LaunchScreen.storyboard; sourceTree = "<group>"; };
		50A28EE01BCAB65000647D6B /* Info.plist */ = {isa = PBXFileReference; lastKnownFileType = text.plist.xml; path = Info.plist; sourceTree = "<group>"; };
		50A28EE51BCAB65000647D6B /* DenkmälerBerlinTests.xctest */ = {isa = PBXFileReference; explicitFileType = wrapper.cfbundle; includeInIndex = 0; path = "DenkmälerBerlinTests.xctest"; sourceTree = BUILT_PRODUCTS_DIR; };
		50A28EE91BCAB65000647D6B /* Denkma_lerBerlinTests.swift */ = {isa = PBXFileReference; lastKnownFileType = sourcecode.swift; path = Denkma_lerBerlinTests.swift; sourceTree = "<group>"; };
		50A28EEB1BCAB65000647D6B /* Info.plist */ = {isa = PBXFileReference; lastKnownFileType = text.plist.xml; path = Info.plist; sourceTree = "<group>"; };
		50A28EF01BCAB65000647D6B /* DenkmälerBerlinUITests.xctest */ = {isa = PBXFileReference; explicitFileType = wrapper.cfbundle; includeInIndex = 0; path = "DenkmälerBerlinUITests.xctest"; sourceTree = BUILT_PRODUCTS_DIR; };
		50A28EF41BCAB65000647D6B /* Denkma_lerBerlinUITests.swift */ = {isa = PBXFileReference; lastKnownFileType = sourcecode.swift; path = Denkma_lerBerlinUITests.swift; sourceTree = "<group>"; };
		50A28EF61BCAB65000647D6B /* Info.plist */ = {isa = PBXFileReference; lastKnownFileType = text.plist.xml; path = Info.plist; sourceTree = "<group>"; };
		50A28F091BCABADA00647D6B /* denkmalliste.txt */ = {isa = PBXFileReference; fileEncoding = 5; lastKnownFileType = text; name = denkmalliste.txt; path = supporting_files/denkmalliste.txt; sourceTree = "<group>"; };
		50A28F0A1BCAC0B900647D6B /* notes.txt */ = {isa = PBXFileReference; fileEncoding = 4; lastKnownFileType = text; name = notes.txt; path = supporting_files/notes.txt; sourceTree = "<group>"; };
		50B3B66B1C0060600042B3F7 /* DMBNotion.swift */ = {isa = PBXFileReference; fileEncoding = 4; lastKnownFileType = sourcecode.swift; name = DMBNotion.swift; path = Model/DMBNotion.swift; sourceTree = "<group>"; };
		50B3B6751C00618E0042B3F7 /* DMBNotionsRelation.swift */ = {isa = PBXFileReference; fileEncoding = 4; lastKnownFileType = sourcecode.swift; name = DMBNotionsRelation.swift; path = Model/DMBNotionsRelation.swift; sourceTree = "<group>"; };
		50B3B6771C0063CB0042B3F7 /* DMBModelEXAMPLES.swift */ = {isa = PBXFileReference; fileEncoding = 4; lastKnownFileType = sourcecode.swift; name = DMBModelEXAMPLES.swift; path = "DenkmälerBerlin/DMBModelEXAMPLES.swift"; sourceTree = "<group>"; };
		50B3B6791C0068840042B3F7 /* DMBGlobals.swift */ = {isa = PBXFileReference; fileEncoding = 4; lastKnownFileType = sourcecode.swift; name = DMBGlobals.swift; path = Model/DMBGlobals.swift; sourceTree = "<group>"; };
		50CC2D5A1C15B7B200652D35 /* DMBPostgresDatabase_0.5.sql */ = {isa = PBXFileReference; fileEncoding = 4; lastKnownFileType = text; name = DMBPostgresDatabase_0.5.sql; path = Model/DMBPostgresDatabase_0.5.sql; sourceTree = "<group>"; };
		50CC2D5E1C15BF3B00652D35 /* DMBLocationRelation.swift */ = {isa = PBXFileReference; fileEncoding = 4; lastKnownFileType = sourcecode.swift; name = DMBLocationRelation.swift; path = Model/DMBLocationRelation.swift; sourceTree = "<group>"; };
		50CC2D601C15FD9300652D35 /* DMBsqlite_v6.db */ = {isa = PBXFileReference; lastKnownFileType = file; name = DMBsqlite_v6.db; path = Model/DMBsqlite_v6.db; sourceTree = "<group>"; };
		50CC2D621C16D33700652D35 /* DMBConverter.swift */ = {isa = PBXFileReference; fileEncoding = 4; lastKnownFileType = sourcecode.swift; name = DMBConverter.swift; path = Model/DMBConverter.swift; sourceTree = "<group>"; };
		50DBD35E1C1C829B0010F68E /* Array+groupBy.swift */ = {isa = PBXFileReference; fileEncoding = 4; lastKnownFileType = sourcecode.swift; name = "Array+groupBy.swift"; path = "Model/Array+groupBy.swift"; sourceTree = "<group>"; };
		50E4538E1C03E8AD0004CF71 /* SQLite.xcodeproj */ = {isa = PBXFileReference; lastKnownFileType = "wrapper.pb-project"; name = SQLite.xcodeproj; path = SQLite.swift/SQLite.xcodeproj; sourceTree = "<group>"; };
		50F2E08A1C007FD700CE633B /* DMBSubDistrict.swift */ = {isa = PBXFileReference; fileEncoding = 4; lastKnownFileType = sourcecode.swift; name = DMBSubDistrict.swift; path = Model/DMBSubDistrict.swift; sourceTree = "<group>"; };
		50F2E0941C0080CA00CE633B /* DMBDistrictRelation.swift */ = {isa = PBXFileReference; fileEncoding = 4; lastKnownFileType = sourcecode.swift; name = DMBDistrictRelation.swift; path = Model/DMBDistrictRelation.swift; sourceTree = "<group>"; };
		50F2E0961C0083CE00CE633B /* DMBSubDistrictRelation.swift */ = {isa = PBXFileReference; fileEncoding = 4; lastKnownFileType = sourcecode.swift; name = DMBSubDistrictRelation.swift; path = Model/DMBSubDistrictRelation.swift; sourceTree = "<group>"; };
/* End PBXFileReference section */

/* Begin PBXFrameworksBuildPhase section */
		50A28ECB1BCAB64F00647D6B /* Frameworks */ = {
			isa = PBXFrameworksBuildPhase;
			buildActionMask = 2147483647;
			files = (
				50E453A91C03E8C10004CF71 /* SQLite.framework in Frameworks */,
			);
			runOnlyForDeploymentPostprocessing = 0;
		};
		50A28EE21BCAB65000647D6B /* Frameworks */ = {
			isa = PBXFrameworksBuildPhase;
			buildActionMask = 2147483647;
			files = (
			);
			runOnlyForDeploymentPostprocessing = 0;
		};
		50A28EED1BCAB65000647D6B /* Frameworks */ = {
			isa = PBXFrameworksBuildPhase;
			buildActionMask = 2147483647;
			files = (
			);
			runOnlyForDeploymentPostprocessing = 0;
		};
/* End PBXFrameworksBuildPhase section */

/* Begin PBXGroup section */
		501AD02F1C030A5D00195AED /* Products */ = {
			isa = PBXGroup;
			children = (
				501AD03A1C030A5D00195AED /* SQLite.framework */,
				501AD03C1C030A5D00195AED /* SQLite iOS Tests.xctest */,
				501AD03E1C030A5D00195AED /* SQLite.framework */,
				501AD0401C030A5D00195AED /* SQLite Mac Tests.xctest */,
				501AD0421C030A5D00195AED /* SQLiteCipher.framework */,
				501AD0441C030A5D00195AED /* SQLiteCipher iOS Tests.xctest */,
				501AD0461C030A5D00195AED /* SQLiteCipher.framework */,
				501AD0481C030A5D00195AED /* SQLiteCipher Mac Tests.xctest */,
			);
			name = Products;
			sourceTree = "<group>";
		};
		502343B91BFCDEAB008794D4 /* Model */ = {
			isa = PBXGroup;
			children = (
				50A01EB31C188D3E0060F6DA /* Various */,
				50A01EB21C188CF50060F6DA /* Entities */,
				502343BA1BFCDEC0008794D4 /* DMBModel.swift */,
				502343C41BFCE3AB008794D4 /* SQLite.xcodeproj */,
			);
			name = Model;
			sourceTree = "<group>";
		};
		5034FF231BE90BCD00A3C77F /* View Controller */ = {
			isa = PBXGroup;
			children = (
				5034FF241BE90BE300A3C77F /* Supporting */,
				5034FF161BE90B6C00A3C77F /* ArchtektTableViewController.swift */,
				5034FF181BE90B6C00A3C77F /* FilterViewController.swift */,
				5034FF191BE90B6C00A3C77F /* MapViewController.swift */,
				5034FF1A1BE90B6C00A3C77F /* ZeitraumTableViewController.swift */,
				5016DDE51BF1F5BE0041414B /* DetailsTableViewController.swift */,
			);
			name = "View Controller";
			sourceTree = "<group>";
		};
		5034FF241BE90BE300A3C77F /* Supporting */ = {
			isa = PBXGroup;
			children = (
				5034FF171BE90B6C00A3C77F /* DenkmalMapAnnotation.swift */,
				5034FF151BE90B6C00A3C77F /* ArchitektTableViewCell.swift */,
			);
			name = Supporting;
			sourceTree = "<group>";
		};
		50A01EB21C188CF50060F6DA /* Entities */ = {
			isa = PBXGroup;
			children = (
				502343F01BFDCCF5008794D4 /* DMBLocation.swift */,
				50CC2D5E1C15BF3B00652D35 /* DMBLocationRelation.swift */,
				502343F41BFDD8B3008794D4 /* DMBDistrict.swift */,
				50F2E0941C0080CA00CE633B /* DMBDistrictRelation.swift */,
				502343E61BFDADC1008794D4 /* DMBMonument.swift */,
				50B3B66B1C0060600042B3F7 /* DMBNotion.swift */,
				50B3B6751C00618E0042B3F7 /* DMBNotionsRelation.swift */,
				502343EC1BFDC6C8008794D4 /* DMBParticipant.swift */,
				502343EA1BFDB563008794D4 /* DMBRoute.swift */,
				50F2E08A1C007FD700CE633B /* DMBSubDistrict.swift */,
				50F2E0961C0083CE00CE633B /* DMBSubDistrictRelation.swift */,
				502343EE1BFDC857008794D4 /* DMBTimePeriod.swift */,
				506B82611BFFCDC2001B971A /* DMBType.swift */,
			);
			name = Entities;
			sourceTree = "<group>";
		};
		50A01EB31C188D3E0060F6DA /* Various */ = {
			isa = PBXGroup;
			children = (
				50CC2D621C16D33700652D35 /* DMBConverter.swift */,
				5007DE081BFF34A300987901 /* DMBDummyData.swift */,
				502343E81BFDADE4008794D4 /* DMBEntity.swift */,
				502343F21BFDD1D1008794D4 /* DMBEpoche.swift */,
				502343E41BFCE892008794D4 /* DMBFilter.swift */,
				50B3B6791C0068840042B3F7 /* DMBGlobals.swift */,
				5026559C1C19782500B35679 /* DMBSQLiteFullTextSearch.sql */,
				50CC2D5A1C15B7B200652D35 /* DMBPostgresDatabase_0.5.sql */,
				50CC2D601C15FD9300652D35 /* DMBsqlite_v6.db */,
				50DBD35E1C1C829B0010F68E /* Array+groupBy.swift */,
			);
			name = Various;
			sourceTree = "<group>";
		};
		50A28EC51BCAB64F00647D6B = {
			isa = PBXGroup;
			children = (
				50B3B6771C0063CB0042B3F7 /* DMBModelEXAMPLES.swift */,
				50A28F021BCAB97B00647D6B /* Supporting Files */,
				50A28ED01BCAB65000647D6B /* DenkmälerBerlin */,
				50A28EE81BCAB65000647D6B /* DenkmälerBerlinTests */,
				50A28EF31BCAB65000647D6B /* DenkmälerBerlinUITests */,
				50A28ECF1BCAB65000647D6B /* Products */,
				50E4538E1C03E8AD0004CF71 /* SQLite.xcodeproj */,
			);
			sourceTree = "<group>";
		};
		50A28ECF1BCAB65000647D6B /* Products */ = {
			isa = PBXGroup;
			children = (
				50A28ECE1BCAB65000647D6B /* DenkmälerBerlin.app */,
				50A28EE51BCAB65000647D6B /* DenkmälerBerlinTests.xctest */,
				50A28EF01BCAB65000647D6B /* DenkmälerBerlinUITests.xctest */,
			);
			name = Products;
			sourceTree = "<group>";
		};
		50A28ED01BCAB65000647D6B /* DenkmälerBerlin */ = {
			isa = PBXGroup;
			children = (
				502343B91BFCDEAB008794D4 /* Model */,
				5034FF211BE90BAB00A3C77F /* Main.storyboard */,
				50A28ED11BCAB65000647D6B /* AppDelegate.swift */,
				5034FF231BE90BCD00A3C77F /* View Controller */,
				50A28EDB1BCAB65000647D6B /* Assets.xcassets */,
				50A28EDD1BCAB65000647D6B /* LaunchScreen.storyboard */,
				50A28EE01BCAB65000647D6B /* Info.plist */,
				50A28ED81BCAB65000647D6B /* Denkma_lerBerlin.xcdatamodeld */,
			);
			path = "DenkmälerBerlin";
			sourceTree = "<group>";
		};
		50A28EE81BCAB65000647D6B /* DenkmälerBerlinTests */ = {
			isa = PBXGroup;
			children = (
				50A28EE91BCAB65000647D6B /* Denkma_lerBerlinTests.swift */,
				50A28EEB1BCAB65000647D6B /* Info.plist */,
			);
			path = "DenkmälerBerlinTests";
			sourceTree = "<group>";
		};
		50A28EF31BCAB65000647D6B /* DenkmälerBerlinUITests */ = {
			isa = PBXGroup;
			children = (
				50A28EF41BCAB65000647D6B /* Denkma_lerBerlinUITests.swift */,
				50A28EF61BCAB65000647D6B /* Info.plist */,
			);
			path = "DenkmälerBerlinUITests";
			sourceTree = "<group>";
		};
		50A28F021BCAB97B00647D6B /* Supporting Files */ = {
			isa = PBXGroup;
			children = (
				502343C21BFCE1EE008794D4 /* DMBDataConcept_0.3.pdf */,
				502343C01BFCE1E7008794D4 /* DMBArchitecture.png */,
				50A28F091BCABADA00647D6B /* denkmalliste.txt */,
				50A28F0A1BCAC0B900647D6B /* notes.txt */,
			);
			name = "Supporting Files";
			sourceTree = "<group>";
		};
		50E4538F1C03E8AD0004CF71 /* Products */ = {
			isa = PBXGroup;
			children = (
				50E4539A1C03E8AD0004CF71 /* SQLite.framework */,
				50E4539C1C03E8AD0004CF71 /* SQLite iOS Tests.xctest */,
				50E4539E1C03E8AD0004CF71 /* SQLite.framework */,
				50E453A01C03E8AD0004CF71 /* SQLite Mac Tests.xctest */,
				50E453A21C03E8AD0004CF71 /* SQLiteCipher.framework */,
				50E453A41C03E8AD0004CF71 /* SQLiteCipher iOS Tests.xctest */,
				50E453A61C03E8AD0004CF71 /* SQLiteCipher.framework */,
				50E453A81C03E8AD0004CF71 /* SQLiteCipher Mac Tests.xctest */,
			);
			name = Products;
			sourceTree = "<group>";
		};
/* End PBXGroup section */

/* Begin PBXNativeTarget section */
		50A28ECD1BCAB64F00647D6B /* DenkmälerBerlin */ = {
			isa = PBXNativeTarget;
			buildConfigurationList = 50A28EF91BCAB65000647D6B /* Build configuration list for PBXNativeTarget "DenkmälerBerlin" */;
			buildPhases = (
				50A28ECA1BCAB64F00647D6B /* Sources */,
				50A28ECB1BCAB64F00647D6B /* Frameworks */,
				50A28ECC1BCAB64F00647D6B /* Resources */,
			);
			buildRules = (
			);
			dependencies = (
			);
			name = "DenkmälerBerlin";
			productName = "DenkmälerBerlin";
			productReference = 50A28ECE1BCAB65000647D6B /* DenkmälerBerlin.app */;
			productType = "com.apple.product-type.application";
		};
		50A28EE41BCAB65000647D6B /* DenkmälerBerlinTests */ = {
			isa = PBXNativeTarget;
			buildConfigurationList = 50A28EFC1BCAB65000647D6B /* Build configuration list for PBXNativeTarget "DenkmälerBerlinTests" */;
			buildPhases = (
				50A28EE11BCAB65000647D6B /* Sources */,
				50A28EE21BCAB65000647D6B /* Frameworks */,
				50A28EE31BCAB65000647D6B /* Resources */,
			);
			buildRules = (
			);
			dependencies = (
				50A28EE71BCAB65000647D6B /* PBXTargetDependency */,
			);
			name = "DenkmälerBerlinTests";
			productName = "DenkmälerBerlinTests";
			productReference = 50A28EE51BCAB65000647D6B /* DenkmälerBerlinTests.xctest */;
			productType = "com.apple.product-type.bundle.unit-test";
		};
		50A28EEF1BCAB65000647D6B /* DenkmälerBerlinUITests */ = {
			isa = PBXNativeTarget;
			buildConfigurationList = 50A28EFF1BCAB65000647D6B /* Build configuration list for PBXNativeTarget "DenkmälerBerlinUITests" */;
			buildPhases = (
				50A28EEC1BCAB65000647D6B /* Sources */,
				50A28EED1BCAB65000647D6B /* Frameworks */,
				50A28EEE1BCAB65000647D6B /* Resources */,
			);
			buildRules = (
			);
			dependencies = (
				50A28EF21BCAB65000647D6B /* PBXTargetDependency */,
			);
			name = "DenkmälerBerlinUITests";
			productName = "DenkmälerBerlinUITests";
			productReference = 50A28EF01BCAB65000647D6B /* DenkmälerBerlinUITests.xctest */;
			productType = "com.apple.product-type.bundle.ui-testing";
		};
/* End PBXNativeTarget section */

/* Begin PBXProject section */
		50A28EC61BCAB64F00647D6B /* Project object */ = {
			isa = PBXProject;
			attributes = {
				LastUpgradeCheck = 0700;
				ORGANIZATIONNAME = HTWBerlin;
				TargetAttributes = {
					50A28ECD1BCAB64F00647D6B = {
						CreatedOnToolsVersion = 7.0.1;
					};
					50A28EE41BCAB65000647D6B = {
						CreatedOnToolsVersion = 7.0.1;
						TestTargetID = 50A28ECD1BCAB64F00647D6B;
					};
					50A28EEF1BCAB65000647D6B = {
						CreatedOnToolsVersion = 7.0.1;
						TestTargetID = 50A28ECD1BCAB64F00647D6B;
					};
				};
			};
			buildConfigurationList = 50A28EC91BCAB64F00647D6B /* Build configuration list for PBXProject "DenkmälerBerlin" */;
			compatibilityVersion = "Xcode 3.2";
			developmentRegion = English;
			hasScannedForEncodings = 0;
			knownRegions = (
				en,
				Base,
			);
			mainGroup = 50A28EC51BCAB64F00647D6B;
			productRefGroup = 50A28ECF1BCAB65000647D6B /* Products */;
			projectDirPath = "";
			projectReferences = (
				{
					ProductGroup = 50E4538F1C03E8AD0004CF71 /* Products */;
					ProjectRef = 50E4538E1C03E8AD0004CF71 /* SQLite.xcodeproj */;
				},
				{
					ProductGroup = 501AD02F1C030A5D00195AED /* Products */;
					ProjectRef = 502343C41BFCE3AB008794D4 /* SQLite.xcodeproj */;
				},
			);
			projectRoot = "";
			targets = (
				50A28ECD1BCAB64F00647D6B /* DenkmälerBerlin */,
				50A28EE41BCAB65000647D6B /* DenkmälerBerlinTests */,
				50A28EEF1BCAB65000647D6B /* DenkmälerBerlinUITests */,
			);
		};
/* End PBXProject section */

/* Begin PBXReferenceProxy section */
		501AD03A1C030A5D00195AED /* SQLite.framework */ = {
			isa = PBXReferenceProxy;
			fileType = wrapper.framework;
			path = SQLite.framework;
			remoteRef = 501AD0391C030A5D00195AED /* PBXContainerItemProxy */;
			sourceTree = BUILT_PRODUCTS_DIR;
		};
		501AD03C1C030A5D00195AED /* SQLite iOS Tests.xctest */ = {
			isa = PBXReferenceProxy;
			fileType = wrapper.cfbundle;
			path = "SQLite iOS Tests.xctest";
			remoteRef = 501AD03B1C030A5D00195AED /* PBXContainerItemProxy */;
			sourceTree = BUILT_PRODUCTS_DIR;
		};
		501AD03E1C030A5D00195AED /* SQLite.framework */ = {
			isa = PBXReferenceProxy;
			fileType = wrapper.framework;
			path = SQLite.framework;
			remoteRef = 501AD03D1C030A5D00195AED /* PBXContainerItemProxy */;
			sourceTree = BUILT_PRODUCTS_DIR;
		};
		501AD0401C030A5D00195AED /* SQLite Mac Tests.xctest */ = {
			isa = PBXReferenceProxy;
			fileType = wrapper.cfbundle;
			path = "SQLite Mac Tests.xctest";
			remoteRef = 501AD03F1C030A5D00195AED /* PBXContainerItemProxy */;
			sourceTree = BUILT_PRODUCTS_DIR;
		};
		501AD0421C030A5D00195AED /* SQLiteCipher.framework */ = {
			isa = PBXReferenceProxy;
			fileType = wrapper.framework;
			path = SQLiteCipher.framework;
			remoteRef = 501AD0411C030A5D00195AED /* PBXContainerItemProxy */;
			sourceTree = BUILT_PRODUCTS_DIR;
		};
		501AD0441C030A5D00195AED /* SQLiteCipher iOS Tests.xctest */ = {
			isa = PBXReferenceProxy;
			fileType = wrapper.cfbundle;
			path = "SQLiteCipher iOS Tests.xctest";
			remoteRef = 501AD0431C030A5D00195AED /* PBXContainerItemProxy */;
			sourceTree = BUILT_PRODUCTS_DIR;
		};
		501AD0461C030A5D00195AED /* SQLiteCipher.framework */ = {
			isa = PBXReferenceProxy;
			fileType = wrapper.framework;
			path = SQLiteCipher.framework;
			remoteRef = 501AD0451C030A5D00195AED /* PBXContainerItemProxy */;
			sourceTree = BUILT_PRODUCTS_DIR;
		};
		501AD0481C030A5D00195AED /* SQLiteCipher Mac Tests.xctest */ = {
			isa = PBXReferenceProxy;
			fileType = wrapper.cfbundle;
			path = "SQLiteCipher Mac Tests.xctest";
			remoteRef = 501AD0471C030A5D00195AED /* PBXContainerItemProxy */;
			sourceTree = BUILT_PRODUCTS_DIR;
		};
		50E4539A1C03E8AD0004CF71 /* SQLite.framework */ = {
			isa = PBXReferenceProxy;
			fileType = wrapper.framework;
			path = SQLite.framework;
			remoteRef = 50E453991C03E8AD0004CF71 /* PBXContainerItemProxy */;
			sourceTree = BUILT_PRODUCTS_DIR;
		};
		50E4539C1C03E8AD0004CF71 /* SQLite iOS Tests.xctest */ = {
			isa = PBXReferenceProxy;
			fileType = wrapper.cfbundle;
			path = "SQLite iOS Tests.xctest";
			remoteRef = 50E4539B1C03E8AD0004CF71 /* PBXContainerItemProxy */;
			sourceTree = BUILT_PRODUCTS_DIR;
		};
		50E4539E1C03E8AD0004CF71 /* SQLite.framework */ = {
			isa = PBXReferenceProxy;
			fileType = wrapper.framework;
			path = SQLite.framework;
			remoteRef = 50E4539D1C03E8AD0004CF71 /* PBXContainerItemProxy */;
			sourceTree = BUILT_PRODUCTS_DIR;
		};
		50E453A01C03E8AD0004CF71 /* SQLite Mac Tests.xctest */ = {
			isa = PBXReferenceProxy;
			fileType = wrapper.cfbundle;
			path = "SQLite Mac Tests.xctest";
			remoteRef = 50E4539F1C03E8AD0004CF71 /* PBXContainerItemProxy */;
			sourceTree = BUILT_PRODUCTS_DIR;
		};
		50E453A21C03E8AD0004CF71 /* SQLiteCipher.framework */ = {
			isa = PBXReferenceProxy;
			fileType = wrapper.framework;
			path = SQLiteCipher.framework;
			remoteRef = 50E453A11C03E8AD0004CF71 /* PBXContainerItemProxy */;
			sourceTree = BUILT_PRODUCTS_DIR;
		};
		50E453A41C03E8AD0004CF71 /* SQLiteCipher iOS Tests.xctest */ = {
			isa = PBXReferenceProxy;
			fileType = wrapper.cfbundle;
			path = "SQLiteCipher iOS Tests.xctest";
			remoteRef = 50E453A31C03E8AD0004CF71 /* PBXContainerItemProxy */;
			sourceTree = BUILT_PRODUCTS_DIR;
		};
		50E453A61C03E8AD0004CF71 /* SQLiteCipher.framework */ = {
			isa = PBXReferenceProxy;
			fileType = wrapper.framework;
			path = SQLiteCipher.framework;
			remoteRef = 50E453A51C03E8AD0004CF71 /* PBXContainerItemProxy */;
			sourceTree = BUILT_PRODUCTS_DIR;
		};
		50E453A81C03E8AD0004CF71 /* SQLiteCipher Mac Tests.xctest */ = {
			isa = PBXReferenceProxy;
			fileType = wrapper.cfbundle;
			path = "SQLiteCipher Mac Tests.xctest";
			remoteRef = 50E453A71C03E8AD0004CF71 /* PBXContainerItemProxy */;
			sourceTree = BUILT_PRODUCTS_DIR;
		};
/* End PBXReferenceProxy section */

/* Begin PBXResourcesBuildPhase section */
		50A28ECC1BCAB64F00647D6B /* Resources */ = {
			isa = PBXResourcesBuildPhase;
			buildActionMask = 2147483647;
			files = (
				50CC2D611C15FD9300652D35 /* DMBsqlite_v6.db in Resources */,
				502343C11BFCE1E7008794D4 /* DMBArchitecture.png in Resources */,
				50CC2D5B1C15B7B200652D35 /* DMBPostgresDatabase_0.5.sql in Resources */,
				5034FF221BE90BAB00A3C77F /* Main.storyboard in Resources */,
				5026559D1C19782500B35679 /* DMBSQLiteFullTextSearch.sql in Resources */,
				502343C31BFCE1EE008794D4 /* DMBDataConcept_0.3.pdf in Resources */,
				50A28EDF1BCAB65000647D6B /* LaunchScreen.storyboard in Resources */,
				50A28EDC1BCAB65000647D6B /* Assets.xcassets in Resources */,
			);
			runOnlyForDeploymentPostprocessing = 0;
		};
		50A28EE31BCAB65000647D6B /* Resources */ = {
			isa = PBXResourcesBuildPhase;
			buildActionMask = 2147483647;
			files = (
			);
			runOnlyForDeploymentPostprocessing = 0;
		};
		50A28EEE1BCAB65000647D6B /* Resources */ = {
			isa = PBXResourcesBuildPhase;
			buildActionMask = 2147483647;
			files = (
			);
			runOnlyForDeploymentPostprocessing = 0;
		};
/* End PBXResourcesBuildPhase section */

/* Begin PBXSourcesBuildPhase section */
		50A28ECA1BCAB64F00647D6B /* Sources */ = {
			isa = PBXSourcesBuildPhase;
			buildActionMask = 2147483647;
			files = (
				50DBD35F1C1C829B0010F68E /* Array+groupBy.swift in Sources */,
				5007DE091BFF34A300987901 /* DMBDummyData.swift in Sources */,
				5034FF1E1BE90B6C00A3C77F /* FilterViewController.swift in Sources */,
				502343F31BFDD1D1008794D4 /* DMBEpoche.swift in Sources */,
				502343ED1BFDC6C8008794D4 /* DMBParticipant.swift in Sources */,
				5034FF1D1BE90B6C00A3C77F /* DenkmalMapAnnotation.swift in Sources */,
				50F2E08B1C007FD700CE633B /* DMBSubDistrict.swift in Sources */,
				502343EF1BFDC857008794D4 /* DMBTimePeriod.swift in Sources */,
				50B3B6781C0063CB0042B3F7 /* DMBModelEXAMPLES.swift in Sources */,
				502343F51BFDD8B3008794D4 /* DMBDistrict.swift in Sources */,
				502343E91BFDADE4008794D4 /* DMBEntity.swift in Sources */,
				50F2E0951C0080CA00CE633B /* DMBDistrictRelation.swift in Sources */,
				50CC2D5F1C15BF3B00652D35 /* DMBLocationRelation.swift in Sources */,
				5034FF201BE90B6C00A3C77F /* ZeitraumTableViewController.swift in Sources */,
				50B3B66C1C0060600042B3F7 /* DMBNotion.swift in Sources */,
				502343E51BFCE892008794D4 /* DMBFilter.swift in Sources */,
				5034FF1B1BE90B6C00A3C77F /* ArchitektTableViewCell.swift in Sources */,
				5016DDE61BF1F5BE0041414B /* DetailsTableViewController.swift in Sources */,
				502343BB1BFCDEC0008794D4 /* DMBModel.swift in Sources */,
				5034FF1C1BE90B6C00A3C77F /* ArchtektTableViewController.swift in Sources */,
				502343F11BFDCCF5008794D4 /* DMBLocation.swift in Sources */,
				502343EB1BFDB563008794D4 /* DMBRoute.swift in Sources */,
				50A28EDA1BCAB65000647D6B /* Denkma_lerBerlin.xcdatamodeld in Sources */,
				50F2E0971C0083CE00CE633B /* DMBSubDistrictRelation.swift in Sources */,
				50A28ED21BCAB65000647D6B /* AppDelegate.swift in Sources */,
				506B82621BFFCDC2001B971A /* DMBType.swift in Sources */,
				50B3B67A1C0068840042B3F7 /* DMBGlobals.swift in Sources */,
				50CC2D631C16D33800652D35 /* DMBConverter.swift in Sources */,
				502343E71BFDADC1008794D4 /* DMBMonument.swift in Sources */,
				50B3B6761C00618E0042B3F7 /* DMBNotionsRelation.swift in Sources */,
				5034FF1F1BE90B6C00A3C77F /* MapViewController.swift in Sources */,
			);
			runOnlyForDeploymentPostprocessing = 0;
		};
		50A28EE11BCAB65000647D6B /* Sources */ = {
			isa = PBXSourcesBuildPhase;
			buildActionMask = 2147483647;
			files = (
				50A28EEA1BCAB65000647D6B /* Denkma_lerBerlinTests.swift in Sources */,
			);
			runOnlyForDeploymentPostprocessing = 0;
		};
		50A28EEC1BCAB65000647D6B /* Sources */ = {
			isa = PBXSourcesBuildPhase;
			buildActionMask = 2147483647;
			files = (
				50A28EF51BCAB65000647D6B /* Denkma_lerBerlinUITests.swift in Sources */,
			);
			runOnlyForDeploymentPostprocessing = 0;
		};
/* End PBXSourcesBuildPhase section */

/* Begin PBXTargetDependency section */
		50A28EE71BCAB65000647D6B /* PBXTargetDependency */ = {
			isa = PBXTargetDependency;
			target = 50A28ECD1BCAB64F00647D6B /* DenkmälerBerlin */;
			targetProxy = 50A28EE61BCAB65000647D6B /* PBXContainerItemProxy */;
		};
		50A28EF21BCAB65000647D6B /* PBXTargetDependency */ = {
			isa = PBXTargetDependency;
			target = 50A28ECD1BCAB64F00647D6B /* DenkmälerBerlin */;
			targetProxy = 50A28EF11BCAB65000647D6B /* PBXContainerItemProxy */;
		};
/* End PBXTargetDependency section */

/* Begin PBXVariantGroup section */
		50A28EDD1BCAB65000647D6B /* LaunchScreen.storyboard */ = {
			isa = PBXVariantGroup;
			children = (
				50A28EDE1BCAB65000647D6B /* Base */,
			);
			name = LaunchScreen.storyboard;
			sourceTree = "<group>";
		};
/* End PBXVariantGroup section */

/* Begin XCBuildConfiguration section */
		50A28EF71BCAB65000647D6B /* Debug */ = {
			isa = XCBuildConfiguration;
			buildSettings = {
				ALWAYS_SEARCH_USER_PATHS = NO;
				CLANG_CXX_LANGUAGE_STANDARD = "gnu++0x";
				CLANG_CXX_LIBRARY = "libc++";
				CLANG_ENABLE_MODULES = YES;
				CLANG_ENABLE_OBJC_ARC = YES;
				CLANG_WARN_BOOL_CONVERSION = YES;
				CLANG_WARN_CONSTANT_CONVERSION = YES;
				CLANG_WARN_DIRECT_OBJC_ISA_USAGE = YES_ERROR;
				CLANG_WARN_EMPTY_BODY = YES;
				CLANG_WARN_ENUM_CONVERSION = YES;
				CLANG_WARN_INT_CONVERSION = YES;
				CLANG_WARN_OBJC_ROOT_CLASS = YES_ERROR;
				CLANG_WARN_UNREACHABLE_CODE = YES;
				CLANG_WARN__DUPLICATE_METHOD_MATCH = YES;
				"CODE_SIGN_IDENTITY[sdk=iphoneos*]" = "iPhone Developer";
				COPY_PHASE_STRIP = NO;
				DEBUG_INFORMATION_FORMAT = dwarf;
				ENABLE_STRICT_OBJC_MSGSEND = YES;
				ENABLE_TESTABILITY = YES;
				GCC_C_LANGUAGE_STANDARD = gnu99;
				GCC_DYNAMIC_NO_PIC = NO;
				GCC_NO_COMMON_BLOCKS = YES;
				GCC_OPTIMIZATION_LEVEL = 0;
				GCC_PREPROCESSOR_DEFINITIONS = (
					"DEBUG=1",
					"$(inherited)",
				);
				GCC_WARN_64_TO_32_BIT_CONVERSION = YES;
				GCC_WARN_ABOUT_RETURN_TYPE = YES_ERROR;
				GCC_WARN_UNDECLARED_SELECTOR = YES;
				GCC_WARN_UNINITIALIZED_AUTOS = YES_AGGRESSIVE;
				GCC_WARN_UNUSED_FUNCTION = YES;
				GCC_WARN_UNUSED_VARIABLE = YES;
				IPHONEOS_DEPLOYMENT_TARGET = 9.0;
				MTL_ENABLE_DEBUG_INFO = YES;
				ONLY_ACTIVE_ARCH = YES;
				SDKROOT = iphoneos;
				SWIFT_OPTIMIZATION_LEVEL = "-Onone";
				TARGETED_DEVICE_FAMILY = "1,2";
			};
			name = Debug;
		};
		50A28EF81BCAB65000647D6B /* Release */ = {
			isa = XCBuildConfiguration;
			buildSettings = {
				ALWAYS_SEARCH_USER_PATHS = NO;
				CLANG_CXX_LANGUAGE_STANDARD = "gnu++0x";
				CLANG_CXX_LIBRARY = "libc++";
				CLANG_ENABLE_MODULES = YES;
				CLANG_ENABLE_OBJC_ARC = YES;
				CLANG_WARN_BOOL_CONVERSION = YES;
				CLANG_WARN_CONSTANT_CONVERSION = YES;
				CLANG_WARN_DIRECT_OBJC_ISA_USAGE = YES_ERROR;
				CLANG_WARN_EMPTY_BODY = YES;
				CLANG_WARN_ENUM_CONVERSION = YES;
				CLANG_WARN_INT_CONVERSION = YES;
				CLANG_WARN_OBJC_ROOT_CLASS = YES_ERROR;
				CLANG_WARN_UNREACHABLE_CODE = YES;
				CLANG_WARN__DUPLICATE_METHOD_MATCH = YES;
				"CODE_SIGN_IDENTITY[sdk=iphoneos*]" = "iPhone Developer";
				COPY_PHASE_STRIP = NO;
				DEBUG_INFORMATION_FORMAT = "dwarf-with-dsym";
				ENABLE_NS_ASSERTIONS = NO;
				ENABLE_STRICT_OBJC_MSGSEND = YES;
				GCC_C_LANGUAGE_STANDARD = gnu99;
				GCC_NO_COMMON_BLOCKS = YES;
				GCC_WARN_64_TO_32_BIT_CONVERSION = YES;
				GCC_WARN_ABOUT_RETURN_TYPE = YES_ERROR;
				GCC_WARN_UNDECLARED_SELECTOR = YES;
				GCC_WARN_UNINITIALIZED_AUTOS = YES_AGGRESSIVE;
				GCC_WARN_UNUSED_FUNCTION = YES;
				GCC_WARN_UNUSED_VARIABLE = YES;
				IPHONEOS_DEPLOYMENT_TARGET = 9.0;
				MTL_ENABLE_DEBUG_INFO = NO;
				SDKROOT = iphoneos;
				TARGETED_DEVICE_FAMILY = "1,2";
				VALIDATE_PRODUCT = YES;
			};
			name = Release;
		};
		50A28EFA1BCAB65000647D6B /* Debug */ = {
			isa = XCBuildConfiguration;
			buildSettings = {
				ASSETCATALOG_COMPILER_APPICON_NAME = AppIcon;
				CODE_SIGN_IDENTITY = "iPhone Developer";
				INFOPLIST_FILE = "DenkmälerBerlin/Info.plist";
				LD_RUNPATH_SEARCH_PATHS = "$(inherited) @executable_path/Frameworks";
				PRODUCT_BUNDLE_IDENTIFIER = "HTWBerlin.Denkma-lerBerlin";
				PRODUCT_NAME = "$(TARGET_NAME)";
			};
			name = Debug;
		};
		50A28EFB1BCAB65000647D6B /* Release */ = {
			isa = XCBuildConfiguration;
			buildSettings = {
				ASSETCATALOG_COMPILER_APPICON_NAME = AppIcon;
				CODE_SIGN_IDENTITY = "iPhone Developer";
				INFOPLIST_FILE = "DenkmälerBerlin/Info.plist";
				LD_RUNPATH_SEARCH_PATHS = "$(inherited) @executable_path/Frameworks";
				PRODUCT_BUNDLE_IDENTIFIER = "HTWBerlin.Denkma-lerBerlin";
				PRODUCT_NAME = "$(TARGET_NAME)";
			};
			name = Release;
		};
		50A28EFD1BCAB65000647D6B /* Debug */ = {
			isa = XCBuildConfiguration;
			buildSettings = {
				BUNDLE_LOADER = "$(TEST_HOST)";
				INFOPLIST_FILE = "DenkmälerBerlinTests/Info.plist";
				LD_RUNPATH_SEARCH_PATHS = "$(inherited) @executable_path/Frameworks @loader_path/Frameworks";
				PRODUCT_BUNDLE_IDENTIFIER = "HTWBerlin.Denkma-lerBerlinTests";
				PRODUCT_NAME = "$(TARGET_NAME)";
				TEST_HOST = "$(BUILT_PRODUCTS_DIR)/DenkmälerBerlin.app/DenkmälerBerlin";
			};
			name = Debug;
		};
		50A28EFE1BCAB65000647D6B /* Release */ = {
			isa = XCBuildConfiguration;
			buildSettings = {
				BUNDLE_LOADER = "$(TEST_HOST)";
				INFOPLIST_FILE = "DenkmälerBerlinTests/Info.plist";
				LD_RUNPATH_SEARCH_PATHS = "$(inherited) @executable_path/Frameworks @loader_path/Frameworks";
				PRODUCT_BUNDLE_IDENTIFIER = "HTWBerlin.Denkma-lerBerlinTests";
				PRODUCT_NAME = "$(TARGET_NAME)";
				TEST_HOST = "$(BUILT_PRODUCTS_DIR)/DenkmälerBerlin.app/DenkmälerBerlin";
			};
			name = Release;
		};
		50A28F001BCAB65000647D6B /* Debug */ = {
			isa = XCBuildConfiguration;
			buildSettings = {
				INFOPLIST_FILE = "DenkmälerBerlinUITests/Info.plist";
				LD_RUNPATH_SEARCH_PATHS = "$(inherited) @executable_path/Frameworks @loader_path/Frameworks";
				PRODUCT_BUNDLE_IDENTIFIER = "HTWBerlin.Denkma-lerBerlinUITests";
				PRODUCT_NAME = "$(TARGET_NAME)";
				TEST_TARGET_NAME = "DenkmälerBerlin";
				USES_XCTRUNNER = YES;
			};
			name = Debug;
		};
		50A28F011BCAB65000647D6B /* Release */ = {
			isa = XCBuildConfiguration;
			buildSettings = {
				INFOPLIST_FILE = "DenkmälerBerlinUITests/Info.plist";
				LD_RUNPATH_SEARCH_PATHS = "$(inherited) @executable_path/Frameworks @loader_path/Frameworks";
				PRODUCT_BUNDLE_IDENTIFIER = "HTWBerlin.Denkma-lerBerlinUITests";
				PRODUCT_NAME = "$(TARGET_NAME)";
				TEST_TARGET_NAME = "DenkmälerBerlin";
				USES_XCTRUNNER = YES;
			};
			name = Release;
		};
/* End XCBuildConfiguration section */

/* Begin XCConfigurationList section */
		50A28EC91BCAB64F00647D6B /* Build configuration list for PBXProject "DenkmälerBerlin" */ = {
			isa = XCConfigurationList;
			buildConfigurations = (
				50A28EF71BCAB65000647D6B /* Debug */,
				50A28EF81BCAB65000647D6B /* Release */,
			);
			defaultConfigurationIsVisible = 0;
			defaultConfigurationName = Release;
		};
		50A28EF91BCAB65000647D6B /* Build configuration list for PBXNativeTarget "DenkmälerBerlin" */ = {
			isa = XCConfigurationList;
			buildConfigurations = (
				50A28EFA1BCAB65000647D6B /* Debug */,
				50A28EFB1BCAB65000647D6B /* Release */,
			);
			defaultConfigurationIsVisible = 0;
			defaultConfigurationName = Release;
		};
		50A28EFC1BCAB65000647D6B /* Build configuration list for PBXNativeTarget "DenkmälerBerlinTests" */ = {
			isa = XCConfigurationList;
			buildConfigurations = (
				50A28EFD1BCAB65000647D6B /* Debug */,
				50A28EFE1BCAB65000647D6B /* Release */,
			);
			defaultConfigurationIsVisible = 0;
			defaultConfigurationName = Release;
		};
		50A28EFF1BCAB65000647D6B /* Build configuration list for PBXNativeTarget "DenkmälerBerlinUITests" */ = {
			isa = XCConfigurationList;
			buildConfigurations = (
				50A28F001BCAB65000647D6B /* Debug */,
				50A28F011BCAB65000647D6B /* Release */,
			);
			defaultConfigurationIsVisible = 0;
			defaultConfigurationName = Release;
		};
/* End XCConfigurationList section */

/* Begin XCVersionGroup section */
		50A28ED81BCAB65000647D6B /* Denkma_lerBerlin.xcdatamodeld */ = {
			isa = XCVersionGroup;
			children = (
				50A28ED91BCAB65000647D6B /* Denkma_lerBerlin.xcdatamodel */,
			);
			currentVersion = 50A28ED91BCAB65000647D6B /* Denkma_lerBerlin.xcdatamodel */;
			path = Denkma_lerBerlin.xcdatamodeld;
			sourceTree = "<group>";
			versionGroupType = wrapper.xcdatamodel;
		};
/* End XCVersionGroup section */
	};
	rootObject = 50A28EC61BCAB64F00647D6B /* Project object */;
}
